
Microsoft Visual Studio Solution File, Format Version 12.00
# Visual Studio Version 17
VisualStudioVersion = 17.1.32210.238
MinimumVisualStudioVersion = 10.0.40219.1
Project("{FAE04EC0-301F-11D3-BF4B-00C04F79EFBC}") = "Equacao", "Equacao\Equacao.csproj", "{03AD1944-BEE3-40D5-8F80-1503BE692607}"
EndProject
Global
	GlobalSection(SolutionConfigurationPlatforms) = preSolution
		Debug|Any CPU = Debug|Any CPU
		Release|Any CPU = Release|Any CPU
	EndGlobalSection
	GlobalSection(ProjectConfigurationPlatforms) = postSolution
		{03AD1944-BEE3-40D5-8F80-1503BE692607}.Debug|Any CPU.ActiveCfg = Debug|Any CPU
		{03AD1944-BEE3-40D5-8F80-1503BE692607}.Debug|Any CPU.Build.0 = Debug|Any CPU
		{03AD1944-BEE3-40D5-8F80-1503BE692607}.Release|Any CPU.ActiveCfg = Release|Any CPU
		{03AD1944-BEE3-40D5-8F80-1503BE692607}.Release|Any CPU.Build.0 = Release|Any CPU
	EndGlobalSection
	GlobalSection(SolutionProperties) = preSolution
		HideSolutionNode = FALSE
	EndGlobalSection
	GlobalSection(ExtensibilityGlobals) = postSolution
		SolutionGuid = {4FB84081-6865-4ACB-8D7B-6A9AC15386D7}
	EndGlobalSection
EndGlobal
