
Microsoft Visual Studio Solution File, Format Version 12.00
# Visual Studio Version 17
VisualStudioVersion = 17.1.32210.238
MinimumVisualStudioVersion = 10.0.40219.1
Project("{FAE04EC0-301F-11D3-BF4B-00C04F79EFBC}") = "CaluloDistancia", "CaluloDistancia\CaluloDistancia.csproj", "{B89DCE25-697C-49AB-A710-3A8971CFBFAE}"
EndProject
Global
	GlobalSection(SolutionConfigurationPlatforms) = preSolution
		Debug|Any CPU = Debug|Any CPU
		Release|Any CPU = Release|Any CPU
	EndGlobalSection
	GlobalSection(ProjectConfigurationPlatforms) = postSolution
		{B89DCE25-697C-49AB-A710-3A8971CFBFAE}.Debug|Any CPU.ActiveCfg = Debug|Any CPU
		{B89DCE25-697C-49AB-A710-3A8971CFBFAE}.Debug|Any CPU.Build.0 = Debug|Any CPU
		{B89DCE25-697C-49AB-A710-3A8971CFBFAE}.Release|Any CPU.ActiveCfg = Release|Any CPU
		{B89DCE25-697C-49AB-A710-3A8971CFBFAE}.Release|Any CPU.Build.0 = Release|Any CPU
	EndGlobalSection
	GlobalSection(SolutionProperties) = preSolution
		HideSolutionNode = FALSE
	EndGlobalSection
	GlobalSection(ExtensibilityGlobals) = postSolution
		SolutionGuid = {9B006ECC-1C2C-47F7-914A-FA195C045BF7}
	EndGlobalSection
EndGlobal
